
Microsoft Visual Studio Solution File, Format Version 12.00
# Visual Studio Version 17
VisualStudioVersion = 17.3.32901.215
MinimumVisualStudioVersion = 10.0.40219.1
Project("{FAE04EC0-301F-11D3-BF4B-00C04F79EFBC}") = "WpfGebruiker", "WpfGebruiker\WpfGebruiker.csproj", "{A33C678A-B858-484E-B7EF-653F47EAA313}"
EndProject
Project("{2150E333-8FDC-42A3-9474-1A3956D46DE8}") = "Solution Items", "Solution Items", "{123B67E2-D3FE-449F-A9CC-8531ABEE308C}"
	ProjectSection(SolutionItems) = preProject
		.editorconfig = .editorconfig
	EndProjectSection
EndProject
Project("{FAE04EC0-301F-11D3-BF4B-00C04F79EFBC}") = "MyClassLibrary", "MyClassLibrary\MyClassLibrary.csproj", "{6F718838-915B-454E-9E19-ACB91E23C43E}"
EndProject
Global
	GlobalSection(SolutionConfigurationPlatforms) = preSolution
		Debug|Any CPU = Debug|Any CPU
		Release|Any CPU = Release|Any CPU
	EndGlobalSection
	GlobalSection(ProjectConfigurationPlatforms) = postSolution
		{A33C678A-B858-484E-B7EF-653F47EAA313}.Debug|Any CPU.ActiveCfg = Debug|Any CPU
		{A33C678A-B858-484E-B7EF-653F47EAA313}.Debug|Any CPU.Build.0 = Debug|Any CPU
		{A33C678A-B858-484E-B7EF-653F47EAA313}.Release|Any CPU.ActiveCfg = Release|Any CPU
		{A33C678A-B858-484E-B7EF-653F47EAA313}.Release|Any CPU.Build.0 = Release|Any CPU
		{6F718838-915B-454E-9E19-ACB91E23C43E}.Debug|Any CPU.ActiveCfg = Debug|Any CPU
		{6F718838-915B-454E-9E19-ACB91E23C43E}.Debug|Any CPU.Build.0 = Debug|Any CPU
		{6F718838-915B-454E-9E19-ACB91E23C43E}.Release|Any CPU.ActiveCfg = Release|Any CPU
		{6F718838-915B-454E-9E19-ACB91E23C43E}.Release|Any CPU.Build.0 = Release|Any CPU
	EndGlobalSection
	GlobalSection(SolutionProperties) = preSolution
		HideSolutionNode = FALSE
	EndGlobalSection
	GlobalSection(ExtensibilityGlobals) = postSolution
		SolutionGuid = {4073CE3E-5366-4B12-BE26-E4DA4072712C}
	EndGlobalSection
EndGlobal
