
Microsoft Visual Studio Solution File, Format Version 12.00
# Visual Studio Version 17
VisualStudioVersion = 17.0.31912.275
MinimumVisualStudioVersion = 10.0.40219.1
Project("{2150E333-8FDC-42A3-9474-1A3956D46DE8}") = "Solution Items", "Solution Items", "{C0F0E2BC-8CD3-466B-92A0-29E7C691C179}"
	ProjectSection(SolutionItems) = preProject
		.editorconfig = .editorconfig
	EndProjectSection
EndProject
Project("{FAE04EC0-301F-11D3-BF4B-00C04F79EFBC}") = "ConsoleCsv", "ConsoleCsv\ConsoleCsv.csproj", "{C6ACCD61-CD6F-4AEC-84DF-676FCA9F31BE}"
EndProject
Project("{FAE04EC0-301F-11D3-BF4B-00C04F79EFBC}") = "WpfCopy", "WpfCopy\WpfCopy.csproj", "{EEBF0174-8CEB-43C2-8253-92F6C21BCEED}"
EndProject
Project("{FAE04EC0-301F-11D3-BF4B-00C04F79EFBC}") = "WpfFileInfo", "WpfFileInfo\WpfFileInfo.csproj", "{71A95075-1BCE-4686-ADDB-DB9BC5817F00}"
EndProject
Project("{FAE04EC0-301F-11D3-BF4B-00C04F79EFBC}") = "WpfCompare", "WpfCompare\WpfCompare.csproj", "{31345416-FC12-4EF7-9950-0368A328510C}"
EndProject
Global
	GlobalSection(SolutionConfigurationPlatforms) = preSolution
		Debug|Any CPU = Debug|Any CPU
		Release|Any CPU = Release|Any CPU
	EndGlobalSection
	GlobalSection(ProjectConfigurationPlatforms) = postSolution
		{C6ACCD61-CD6F-4AEC-84DF-676FCA9F31BE}.Debug|Any CPU.ActiveCfg = Debug|Any CPU
		{C6ACCD61-CD6F-4AEC-84DF-676FCA9F31BE}.Debug|Any CPU.Build.0 = Debug|Any CPU
		{C6ACCD61-CD6F-4AEC-84DF-676FCA9F31BE}.Release|Any CPU.ActiveCfg = Release|Any CPU
		{C6ACCD61-CD6F-4AEC-84DF-676FCA9F31BE}.Release|Any CPU.Build.0 = Release|Any CPU
		{EEBF0174-8CEB-43C2-8253-92F6C21BCEED}.Debug|Any CPU.ActiveCfg = Debug|Any CPU
		{EEBF0174-8CEB-43C2-8253-92F6C21BCEED}.Debug|Any CPU.Build.0 = Debug|Any CPU
		{EEBF0174-8CEB-43C2-8253-92F6C21BCEED}.Release|Any CPU.ActiveCfg = Release|Any CPU
		{EEBF0174-8CEB-43C2-8253-92F6C21BCEED}.Release|Any CPU.Build.0 = Release|Any CPU
		{71A95075-1BCE-4686-ADDB-DB9BC5817F00}.Debug|Any CPU.ActiveCfg = Debug|Any CPU
		{71A95075-1BCE-4686-ADDB-DB9BC5817F00}.Debug|Any CPU.Build.0 = Debug|Any CPU
		{71A95075-1BCE-4686-ADDB-DB9BC5817F00}.Release|Any CPU.ActiveCfg = Release|Any CPU
		{71A95075-1BCE-4686-ADDB-DB9BC5817F00}.Release|Any CPU.Build.0 = Release|Any CPU
		{31345416-FC12-4EF7-9950-0368A328510C}.Debug|Any CPU.ActiveCfg = Debug|Any CPU
		{31345416-FC12-4EF7-9950-0368A328510C}.Debug|Any CPU.Build.0 = Debug|Any CPU
		{31345416-FC12-4EF7-9950-0368A328510C}.Release|Any CPU.ActiveCfg = Release|Any CPU
		{31345416-FC12-4EF7-9950-0368A328510C}.Release|Any CPU.Build.0 = Release|Any CPU
	EndGlobalSection
	GlobalSection(SolutionProperties) = preSolution
		HideSolutionNode = FALSE
	EndGlobalSection
	GlobalSection(ExtensibilityGlobals) = postSolution
		SolutionGuid = {3DC0C658-F767-46C3-8A80-D9A2CDCF86E5}
	EndGlobalSection
EndGlobal
